// !$*UTF8*$!
{
	archiveVersion = 1;
	classes = {
	};
	objectVersion = 55;
	objects = {

/* Begin PBXBuildFile section */
		C40892792A78637E0074416A /* Tests_iOS.swift in Sources */ = {isa = PBXBuildFile; fileRef = C40892782A78637E0074416A /* Tests_iOS.swift */; };
		C408927B2A78637E0074416A /* Tests_iOSLaunchTests.swift in Sources */ = {isa = PBXBuildFile; fileRef = C408927A2A78637E0074416A /* Tests_iOSLaunchTests.swift */; };
		C40892852A78637E0074416A /* Tests_macOS.swift in Sources */ = {isa = PBXBuildFile; fileRef = C40892842A78637E0074416A /* Tests_macOS.swift */; };
		C40892872A78637E0074416A /* Tests_macOSLaunchTests.swift in Sources */ = {isa = PBXBuildFile; fileRef = C40892862A78637E0074416A /* Tests_macOSLaunchTests.swift */; };
		C40892882A78637E0074416A /* UnitFuncApp.swift in Sources */ = {isa = PBXBuildFile; fileRef = C40892602A78637B0074416A /* UnitFuncApp.swift */; };
		C40892892A78637E0074416A /* UnitFuncApp.swift in Sources */ = {isa = PBXBuildFile; fileRef = C40892602A78637B0074416A /* UnitFuncApp.swift */; };
		C408928A2A78637E0074416A /* ContentView.swift in Sources */ = {isa = PBXBuildFile; fileRef = C40892612A78637B0074416A /* ContentView.swift */; };
		C408928B2A78637E0074416A /* ContentView.swift in Sources */ = {isa = PBXBuildFile; fileRef = C40892612A78637B0074416A /* ContentView.swift */; };
		C408928C2A78637E0074416A /* Assets.xcassets in Resources */ = {isa = PBXBuildFile; fileRef = C40892622A78637E0074416A /* Assets.xcassets */; };
		C408928D2A78637E0074416A /* Assets.xcassets in Resources */ = {isa = PBXBuildFile; fileRef = C40892622A78637E0074416A /* Assets.xcassets */; };
		C408929D2A7864B00074416A /* FreqParser.swift in Sources */ = {isa = PBXBuildFile; fileRef = C408929C2A7864B00074416A /* FreqParser.swift */; };
		C408929E2A7864B00074416A /* FreqParser.swift in Sources */ = {isa = PBXBuildFile; fileRef = C408929C2A7864B00074416A /* FreqParser.swift */; };
		C40892A32A7872900074416A /* 400hz.wav in Resources */ = {isa = PBXBuildFile; fileRef = C40892A22A7872900074416A /* 400hz.wav */; };
		C40892A42A7872900074416A /* 400hz.wav in Resources */ = {isa = PBXBuildFile; fileRef = C40892A22A7872900074416A /* 400hz.wav */; };
		C4DDC3DA2A7A3A68004E9853 /* sine_400Hz.wav in Resources */ = {isa = PBXBuildFile; fileRef = C4DDC3D92A7A3A68004E9853 /* sine_400Hz.wav */; };
		C4DDC3DB2A7A3A68004E9853 /* sine_400Hz.wav in Resources */ = {isa = PBXBuildFile; fileRef = C4DDC3D92A7A3A68004E9853 /* sine_400Hz.wav */; };
		C4DDC3DC2A7A3A68004E9853 /* sine_400Hz.wav in Resources */ = {isa = PBXBuildFile; fileRef = C4DDC3D92A7A3A68004E9853 /* sine_400Hz.wav */; };
		C4DDC3DD2A7A3A68004E9853 /* sine_400Hz.wav in Resources */ = {isa = PBXBuildFile; fileRef = C4DDC3D92A7A3A68004E9853 /* sine_400Hz.wav */; };
		C4DDC3DF2A7A4364004E9853 /* sine_100Hz.wav in Resources */ = {isa = PBXBuildFile; fileRef = C4DDC3DE2A7A4364004E9853 /* sine_100Hz.wav */; };
		C4DDC3E02A7A4364004E9853 /* sine_100Hz.wav in Resources */ = {isa = PBXBuildFile; fileRef = C4DDC3DE2A7A4364004E9853 /* sine_100Hz.wav */; };
		C4DDC3E12A7A4364004E9853 /* sine_100Hz.wav in Resources */ = {isa = PBXBuildFile; fileRef = C4DDC3DE2A7A4364004E9853 /* sine_100Hz.wav */; };
		C4DDC3E22A7A4364004E9853 /* sine_100Hz.wav in Resources */ = {isa = PBXBuildFile; fileRef = C4DDC3DE2A7A4364004E9853 /* sine_100Hz.wav */; };
		C4DDC3E42A7A43D5004E9853 /* sine_600Hz.wav in Resources */ = {isa = PBXBuildFile; fileRef = C4DDC3E32A7A43D5004E9853 /* sine_600Hz.wav */; };
		C4DDC3E52A7A43D5004E9853 /* sine_600Hz.wav in Resources */ = {isa = PBXBuildFile; fileRef = C4DDC3E32A7A43D5004E9853 /* sine_600Hz.wav */; };
		C4DDC3E62A7A43D5004E9853 /* sine_600Hz.wav in Resources */ = {isa = PBXBuildFile; fileRef = C4DDC3E32A7A43D5004E9853 /* sine_600Hz.wav */; };
		C4DDC3E72A7A43D5004E9853 /* sine_600Hz.wav in Resources */ = {isa = PBXBuildFile; fileRef = C4DDC3E32A7A43D5004E9853 /* sine_600Hz.wav */; };
		C4DDC3E92A7A45A7004E9853 /* signal.wav in Resources */ = {isa = PBXBuildFile; fileRef = C4DDC3E82A7A45A7004E9853 /* signal.wav */; };
		C4DDC3EA2A7A45A7004E9853 /* signal.wav in Resources */ = {isa = PBXBuildFile; fileRef = C4DDC3E82A7A45A7004E9853 /* signal.wav */; };
		C4DDC3EB2A7A45A7004E9853 /* signal.wav in Resources */ = {isa = PBXBuildFile; fileRef = C4DDC3E82A7A45A7004E9853 /* signal.wav */; };
		C4DDC3EC2A7A45A7004E9853 /* signal.wav in Resources */ = {isa = PBXBuildFile; fileRef = C4DDC3E82A7A45A7004E9853 /* signal.wav */; };
/* End PBXBuildFile section */

/* Begin PBXContainerItemProxy section */
		C40892752A78637E0074416A /* PBXContainerItemProxy */ = {
			isa = PBXContainerItemProxy;
			containerPortal = C408925B2A78637B0074416A /* Project object */;
			proxyType = 1;
			remoteGlobalIDString = C40892662A78637E0074416A;
			remoteInfo = "UnitFunc (iOS)";
		};
		C40892812A78637E0074416A /* PBXContainerItemProxy */ = {
			isa = PBXContainerItemProxy;
			containerPortal = C408925B2A78637B0074416A /* Project object */;
			proxyType = 1;
			remoteGlobalIDString = C408926C2A78637E0074416A;
			remoteInfo = "UnitFunc (macOS)";
		};
/* End PBXContainerItemProxy section */

/* Begin PBXFileReference section */
		C40892602A78637B0074416A /* UnitFuncApp.swift */ = {isa = PBXFileReference; lastKnownFileType = sourcecode.swift; path = UnitFuncApp.swift; sourceTree = "<group>"; };
		C40892612A78637B0074416A /* ContentView.swift */ = {isa = PBXFileReference; lastKnownFileType = sourcecode.swift; path = ContentView.swift; sourceTree = "<group>"; };
		C40892622A78637E0074416A /* Assets.xcassets */ = {isa = PBXFileReference; lastKnownFileType = folder.assetcatalog; path = Assets.xcassets; sourceTree = "<group>"; };
		C40892672A78637E0074416A /* UnitFunc.app */ = {isa = PBXFileReference; explicitFileType = wrapper.application; includeInIndex = 0; path = UnitFunc.app; sourceTree = BUILT_PRODUCTS_DIR; };
		C408926D2A78637E0074416A /* UnitFunc.app */ = {isa = PBXFileReference; explicitFileType = wrapper.application; includeInIndex = 0; path = UnitFunc.app; sourceTree = BUILT_PRODUCTS_DIR; };
		C408926F2A78637E0074416A /* macOS.entitlements */ = {isa = PBXFileReference; lastKnownFileType = text.plist.entitlements; path = macOS.entitlements; sourceTree = "<group>"; };
		C40892742A78637E0074416A /* Tests iOS.xctest */ = {isa = PBXFileReference; explicitFileType = wrapper.cfbundle; includeInIndex = 0; path = "Tests iOS.xctest"; sourceTree = BUILT_PRODUCTS_DIR; };
		C40892782A78637E0074416A /* Tests_iOS.swift */ = {isa = PBXFileReference; lastKnownFileType = sourcecode.swift; path = Tests_iOS.swift; sourceTree = "<group>"; };
		C408927A2A78637E0074416A /* Tests_iOSLaunchTests.swift */ = {isa = PBXFileReference; lastKnownFileType = sourcecode.swift; path = Tests_iOSLaunchTests.swift; sourceTree = "<group>"; };
		C40892802A78637E0074416A /* Tests macOS.xctest */ = {isa = PBXFileReference; explicitFileType = wrapper.cfbundle; includeInIndex = 0; path = "Tests macOS.xctest"; sourceTree = BUILT_PRODUCTS_DIR; };
		C40892842A78637E0074416A /* Tests_macOS.swift */ = {isa = PBXFileReference; lastKnownFileType = sourcecode.swift; path = Tests_macOS.swift; sourceTree = "<group>"; };
		C40892862A78637E0074416A /* Tests_macOSLaunchTests.swift */ = {isa = PBXFileReference; lastKnownFileType = sourcecode.swift; path = Tests_macOSLaunchTests.swift; sourceTree = "<group>"; };
		C408929C2A7864B00074416A /* FreqParser.swift */ = {isa = PBXFileReference; lastKnownFileType = sourcecode.swift; path = FreqParser.swift; sourceTree = "<group>"; };
		C40892A22A7872900074416A /* 400hz.wav */ = {isa = PBXFileReference; lastKnownFileType = audio.wav; path = 400hz.wav; sourceTree = "<group>"; };
		C4DDC3D92A7A3A68004E9853 /* sine_400Hz.wav */ = {isa = PBXFileReference; lastKnownFileType = audio.wav; path = sine_400Hz.wav; sourceTree = "<group>"; };
		C4DDC3DE2A7A4364004E9853 /* sine_100Hz.wav */ = {isa = PBXFileReference; lastKnownFileType = audio.wav; path = sine_100Hz.wav; sourceTree = "<group>"; };
		C4DDC3E32A7A43D5004E9853 /* sine_600Hz.wav */ = {isa = PBXFileReference; lastKnownFileType = audio.wav; path = sine_600Hz.wav; sourceTree = "<group>"; };
		C4DDC3E82A7A45A7004E9853 /* signal.wav */ = {isa = PBXFileReference; lastKnownFileType = audio.wav; path = signal.wav; sourceTree = "<group>"; };
/* End PBXFileReference section */

/* Begin PBXFrameworksBuildPhase section */
		C40892642A78637E0074416A /* Frameworks */ = {
			isa = PBXFrameworksBuildPhase;
			buildActionMask = 2147483647;
			files = (
			);
			runOnlyForDeploymentPostprocessing = 0;
		};
		C408926A2A78637E0074416A /* Frameworks */ = {
			isa = PBXFrameworksBuildPhase;
			buildActionMask = 2147483647;
			files = (
			);
			runOnlyForDeploymentPostprocessing = 0;
		};
		C40892712A78637E0074416A /* Frameworks */ = {
			isa = PBXFrameworksBuildPhase;
			buildActionMask = 2147483647;
			files = (
			);
			runOnlyForDeploymentPostprocessing = 0;
		};
		C408927D2A78637E0074416A /* Frameworks */ = {
			isa = PBXFrameworksBuildPhase;
			buildActionMask = 2147483647;
			files = (
			);
			runOnlyForDeploymentPostprocessing = 0;
		};
/* End PBXFrameworksBuildPhase section */

/* Begin PBXGroup section */
		C408925A2A78637B0074416A = {
			isa = PBXGroup;
			children = (
				C408925F2A78637B0074416A /* Shared */,
				C408926E2A78637E0074416A /* macOS */,
				C40892772A78637E0074416A /* Tests iOS */,
				C40892832A78637E0074416A /* Tests macOS */,
				C40892682A78637E0074416A /* Products */,
			);
			sourceTree = "<group>";
		};
		C408925F2A78637B0074416A /* Shared */ = {
			isa = PBXGroup;
			children = (
				C40892602A78637B0074416A /* UnitFuncApp.swift */,
				C40892612A78637B0074416A /* ContentView.swift */,
				C40892622A78637E0074416A /* Assets.xcassets */,
				C408929C2A7864B00074416A /* FreqParser.swift */,
			);
			path = Shared;
			sourceTree = "<group>";
		};
		C40892682A78637E0074416A /* Products */ = {
			isa = PBXGroup;
			children = (
				C40892672A78637E0074416A /* UnitFunc.app */,
				C408926D2A78637E0074416A /* UnitFunc.app */,
				C40892742A78637E0074416A /* Tests iOS.xctest */,
				C40892802A78637E0074416A /* Tests macOS.xctest */,
			);
			name = Products;
			sourceTree = "<group>";
		};
		C408926E2A78637E0074416A /* macOS */ = {
			isa = PBXGroup;
			children = (
				C408926F2A78637E0074416A /* macOS.entitlements */,
			);
			path = macOS;
			sourceTree = "<group>";
		};
		C40892772A78637E0074416A /* Tests iOS */ = {
			isa = PBXGroup;
			children = (
				C40892782A78637E0074416A /* Tests_iOS.swift */,
				C408927A2A78637E0074416A /* Tests_iOSLaunchTests.swift */,
			);
			path = "Tests iOS";
			sourceTree = "<group>";
		};
		C40892832A78637E0074416A /* Tests macOS */ = {
			isa = PBXGroup;
			children = (
				C40892842A78637E0074416A /* Tests_macOS.swift */,
				C40892862A78637E0074416A /* Tests_macOSLaunchTests.swift */,
				C40892A22A7872900074416A /* 400hz.wav */,
				C4DDC3D92A7A3A68004E9853 /* sine_400Hz.wav */,
				C4DDC3DE2A7A4364004E9853 /* sine_100Hz.wav */,
				C4DDC3E32A7A43D5004E9853 /* sine_600Hz.wav */,
				C4DDC3E82A7A45A7004E9853 /* signal.wav */,
			);
			path = "Tests macOS";
			sourceTree = "<group>";
		};
/* End PBXGroup section */

/* Begin PBXNativeTarget section */
		C40892662A78637E0074416A /* UnitFunc (iOS) */ = {
			isa = PBXNativeTarget;
			buildConfigurationList = C40892902A78637E0074416A /* Build configuration list for PBXNativeTarget "UnitFunc (iOS)" */;
			buildPhases = (
				C40892632A78637E0074416A /* Sources */,
				C40892642A78637E0074416A /* Frameworks */,
				C40892652A78637E0074416A /* Resources */,
			);
			buildRules = (
			);
			dependencies = (
			);
			name = "UnitFunc (iOS)";
			productName = "UnitFunc (iOS)";
			productReference = C40892672A78637E0074416A /* UnitFunc.app */;
			productType = "com.apple.product-type.application";
		};
		C408926C2A78637E0074416A /* UnitFunc (macOS) */ = {
			isa = PBXNativeTarget;
			buildConfigurationList = C40892932A78637E0074416A /* Build configuration list for PBXNativeTarget "UnitFunc (macOS)" */;
			buildPhases = (
				C40892692A78637E0074416A /* Sources */,
				C408926A2A78637E0074416A /* Frameworks */,
				C408926B2A78637E0074416A /* Resources */,
			);
			buildRules = (
			);
			dependencies = (
			);
			name = "UnitFunc (macOS)";
			productName = "UnitFunc (macOS)";
			productReference = C408926D2A78637E0074416A /* UnitFunc.app */;
			productType = "com.apple.product-type.application";
		};
		C40892732A78637E0074416A /* Tests iOS */ = {
			isa = PBXNativeTarget;
			buildConfigurationList = C40892962A78637E0074416A /* Build configuration list for PBXNativeTarget "Tests iOS" */;
			buildPhases = (
				C40892702A78637E0074416A /* Sources */,
				C40892712A78637E0074416A /* Frameworks */,
				C40892722A78637E0074416A /* Resources */,
			);
			buildRules = (
			);
			dependencies = (
				C40892762A78637E0074416A /* PBXTargetDependency */,
			);
			name = "Tests iOS";
			productName = "Tests iOS";
			productReference = C40892742A78637E0074416A /* Tests iOS.xctest */;
			productType = "com.apple.product-type.bundle.ui-testing";
		};
		C408927F2A78637E0074416A /* Tests macOS */ = {
			isa = PBXNativeTarget;
			buildConfigurationList = C40892992A78637E0074416A /* Build configuration list for PBXNativeTarget "Tests macOS" */;
			buildPhases = (
				C408927C2A78637E0074416A /* Sources */,
				C408927D2A78637E0074416A /* Frameworks */,
				C408927E2A78637E0074416A /* Resources */,
			);
			buildRules = (
			);
			dependencies = (
				C40892822A78637E0074416A /* PBXTargetDependency */,
			);
			name = "Tests macOS";
			productName = "Tests macOS";
			productReference = C40892802A78637E0074416A /* Tests macOS.xctest */;
			productType = "com.apple.product-type.bundle.ui-testing";
		};
/* End PBXNativeTarget section */

/* Begin PBXProject section */
		C408925B2A78637B0074416A /* Project object */ = {
			isa = PBXProject;
			attributes = {
				BuildIndependentTargetsInParallel = 1;
				LastSwiftUpdateCheck = 1340;
				LastUpgradeCheck = 1340;
				TargetAttributes = {
					C40892662A78637E0074416A = {
						CreatedOnToolsVersion = 13.4.1;
					};
					C408926C2A78637E0074416A = {
						CreatedOnToolsVersion = 13.4.1;
					};
					C40892732A78637E0074416A = {
						CreatedOnToolsVersion = 13.4.1;
						TestTargetID = C40892662A78637E0074416A;
					};
					C408927F2A78637E0074416A = {
						CreatedOnToolsVersion = 13.4.1;
						TestTargetID = C408926C2A78637E0074416A;
					};
				};
			};
			buildConfigurationList = C408925E2A78637B0074416A /* Build configuration list for PBXProject "UnitFunc" */;
			compatibilityVersion = "Xcode 13.0";
			developmentRegion = en;
			hasScannedForEncodings = 0;
			knownRegions = (
				en,
				Base,
			);
			mainGroup = C408925A2A78637B0074416A;
			productRefGroup = C40892682A78637E0074416A /* Products */;
			projectDirPath = "";
			projectRoot = "";
			targets = (
				C40892662A78637E0074416A /* UnitFunc (iOS) */,
				C408926C2A78637E0074416A /* UnitFunc (macOS) */,
				C40892732A78637E0074416A /* Tests iOS */,
				C408927F2A78637E0074416A /* Tests macOS */,
			);
		};
/* End PBXProject section */

/* Begin PBXResourcesBuildPhase section */
		C40892652A78637E0074416A /* Resources */ = {
			isa = PBXResourcesBuildPhase;
			buildActionMask = 2147483647;
			files = (
				C4DDC3E42A7A43D5004E9853 /* sine_600Hz.wav in Resources */,
				C408928C2A78637E0074416A /* Assets.xcassets in Resources */,
				C4DDC3E92A7A45A7004E9853 /* signal.wav in Resources */,
				C4DDC3DA2A7A3A68004E9853 /* sine_400Hz.wav in Resources */,
				C40892A32A7872900074416A /* 400hz.wav in Resources */,
				C4DDC3DF2A7A4364004E9853 /* sine_100Hz.wav in Resources */,
			);
			runOnlyForDeploymentPostprocessing = 0;
		};
		C408926B2A78637E0074416A /* Resources */ = {
			isa = PBXResourcesBuildPhase;
			buildActionMask = 2147483647;
			files = (
				C4DDC3E52A7A43D5004E9853 /* sine_600Hz.wav in Resources */,
				C4DDC3E02A7A4364004E9853 /* sine_100Hz.wav in Resources */,
				C4DDC3DB2A7A3A68004E9853 /* sine_400Hz.wav in Resources */,
				C408928D2A78637E0074416A /* Assets.xcassets in Resources */,
				C4DDC3EA2A7A45A7004E9853 /* signal.wav in Resources */,
			);
			runOnlyForDeploymentPostprocessing = 0;
		};
		C40892722A78637E0074416A /* Resources */ = {
			isa = PBXResourcesBuildPhase;
			buildActionMask = 2147483647;
			files = (
				C4DDC3E62A7A43D5004E9853 /* sine_600Hz.wav in Resources */,
				C4DDC3E12A7A4364004E9853 /* sine_100Hz.wav in Resources */,
				C4DDC3DC2A7A3A68004E9853 /* sine_400Hz.wav in Resources */,
				C40892A42A7872900074416A /* 400hz.wav in Resources */,
				C4DDC3EB2A7A45A7004E9853 /* signal.wav in Resources */,
			);
			runOnlyForDeploymentPostprocessing = 0;
		};
		C408927E2A78637E0074416A /* Resources */ = {
			isa = PBXResourcesBuildPhase;
			buildActionMask = 2147483647;
			files = (
				C4DDC3EC2A7A45A7004E9853 /* signal.wav in Resources */,
				C4DDC3E72A7A43D5004E9853 /* sine_600Hz.wav in Resources */,
				C4DDC3DD2A7A3A68004E9853 /* sine_400Hz.wav in Resources */,
				C4DDC3E22A7A4364004E9853 /* sine_100Hz.wav in Resources */,
			);
			runOnlyForDeploymentPostprocessing = 0;
		};
/* End PBXResourcesBuildPhase section */

/* Begin PBXSourcesBuildPhase section */
		C40892632A78637E0074416A /* Sources */ = {
			isa = PBXSourcesBuildPhase;
			buildActionMask = 2147483647;
			files = (
				C408928A2A78637E0074416A /* ContentView.swift in Sources */,
				C408929D2A7864B00074416A /* FreqParser.swift in Sources */,
				C40892882A78637E0074416A /* UnitFuncApp.swift in Sources */,
			);
			runOnlyForDeploymentPostprocessing = 0;
		};
		C40892692A78637E0074416A /* Sources */ = {
			isa = PBXSourcesBuildPhase;
			buildActionMask = 2147483647;
			files = (
				C408928B2A78637E0074416A /* ContentView.swift in Sources */,
				C408929E2A7864B00074416A /* FreqParser.swift in Sources */,
				C40892892A78637E0074416A /* UnitFuncApp.swift in Sources */,
			);
			runOnlyForDeploymentPostprocessing = 0;
		};
		C40892702A78637E0074416A /* Sources */ = {
			isa = PBXSourcesBuildPhase;
			buildActionMask = 2147483647;
			files = (
				C408927B2A78637E0074416A /* Tests_iOSLaunchTests.swift in Sources */,
				C40892792A78637E0074416A /* Tests_iOS.swift in Sources */,
			);
			runOnlyForDeploymentPostprocessing = 0;
		};
		C408927C2A78637E0074416A /* Sources */ = {
			isa = PBXSourcesBuildPhase;
			buildActionMask = 2147483647;
			files = (
				C40892872A78637E0074416A /* Tests_macOSLaunchTests.swift in Sources */,
				C40892852A78637E0074416A /* Tests_macOS.swift in Sources */,
			);
			runOnlyForDeploymentPostprocessing = 0;
		};
/* End PBXSourcesBuildPhase section */

/* Begin PBXTargetDependency section */
		C40892762A78637E0074416A /* PBXTargetDependency */ = {
			isa = PBXTargetDependency;
			target = C40892662A78637E0074416A /* UnitFunc (iOS) */;
			targetProxy = C40892752A78637E0074416A /* PBXContainerItemProxy */;
		};
		C40892822A78637E0074416A /* PBXTargetDependency */ = {
			isa = PBXTargetDependency;
			target = C408926C2A78637E0074416A /* UnitFunc (macOS) */;
			targetProxy = C40892812A78637E0074416A /* PBXContainerItemProxy */;
		};
/* End PBXTargetDependency section */

/* Begin XCBuildConfiguration section */
		C408928E2A78637E0074416A /* Debug */ = {
			isa = XCBuildConfiguration;
			buildSettings = {
				ALWAYS_SEARCH_USER_PATHS = NO;
				CLANG_ANALYZER_NONNULL = YES;
				CLANG_ANALYZER_NUMBER_OBJECT_CONVERSION = YES_AGGRESSIVE;
				CLANG_CXX_LANGUAGE_STANDARD = "gnu++17";
				CLANG_ENABLE_MODULES = YES;
				CLANG_ENABLE_OBJC_ARC = YES;
				CLANG_ENABLE_OBJC_WEAK = YES;
				CLANG_WARN_BLOCK_CAPTURE_AUTORELEASING = YES;
				CLANG_WARN_BOOL_CONVERSION = YES;
				CLANG_WARN_COMMA = YES;
				CLANG_WARN_CONSTANT_CONVERSION = YES;
				CLANG_WARN_DEPRECATED_OBJC_IMPLEMENTATIONS = YES;
				CLANG_WARN_DIRECT_OBJC_ISA_USAGE = YES_ERROR;
				CLANG_WARN_DOCUMENTATION_COMMENTS = YES;
				CLANG_WARN_EMPTY_BODY = YES;
				CLANG_WARN_ENUM_CONVERSION = YES;
				CLANG_WARN_INFINITE_RECURSION = YES;
				CLANG_WARN_INT_CONVERSION = YES;
				CLANG_WARN_NON_LITERAL_NULL_CONVERSION = YES;
				CLANG_WARN_OBJC_IMPLICIT_RETAIN_SELF = YES;
				CLANG_WARN_OBJC_LITERAL_CONVERSION = YES;
				CLANG_WARN_OBJC_ROOT_CLASS = YES_ERROR;
				CLANG_WARN_QUOTED_INCLUDE_IN_FRAMEWORK_HEADER = YES;
				CLANG_WARN_RANGE_LOOP_ANALYSIS = YES;
				CLANG_WARN_STRICT_PROTOTYPES = YES;
				CLANG_WARN_SUSPICIOUS_MOVE = YES;
				CLANG_WARN_UNGUARDED_AVAILABILITY = YES_AGGRESSIVE;
				CLANG_WARN_UNREACHABLE_CODE = YES;
				CLANG_WARN__DUPLICATE_METHOD_MATCH = YES;
				COPY_PHASE_STRIP = NO;
				DEBUG_INFORMATION_FORMAT = dwarf;
				ENABLE_STRICT_OBJC_MSGSEND = YES;
				ENABLE_TESTABILITY = YES;
				GCC_C_LANGUAGE_STANDARD = gnu11;
				GCC_DYNAMIC_NO_PIC = NO;
				GCC_NO_COMMON_BLOCKS = YES;
				GCC_OPTIMIZATION_LEVEL = 0;
				GCC_PREPROCESSOR_DEFINITIONS = (
					"DEBUG=1",
					"$(inherited)",
				);
				GCC_WARN_64_TO_32_BIT_CONVERSION = YES;
				GCC_WARN_ABOUT_RETURN_TYPE = YES_ERROR;
				GCC_WARN_UNDECLARED_SELECTOR = YES;
				GCC_WARN_UNINITIALIZED_AUTOS = YES_AGGRESSIVE;
				GCC_WARN_UNUSED_FUNCTION = YES;
				GCC_WARN_UNUSED_VARIABLE = YES;
				MTL_ENABLE_DEBUG_INFO = INCLUDE_SOURCE;
				MTL_FAST_MATH = YES;
				ONLY_ACTIVE_ARCH = YES;
				SWIFT_ACTIVE_COMPILATION_CONDITIONS = DEBUG;
				SWIFT_OPTIMIZATION_LEVEL = "-Onone";
			};
			name = Debug;
		};
		C408928F2A78637E0074416A /* Release */ = {
			isa = XCBuildConfiguration;
			buildSettings = {
				ALWAYS_SEARCH_USER_PATHS = NO;
				CLANG_ANALYZER_NONNULL = YES;
				CLANG_ANALYZER_NUMBER_OBJECT_CONVERSION = YES_AGGRESSIVE;
				CLANG_CXX_LANGUAGE_STANDARD = "gnu++17";
				CLANG_ENABLE_MODULES = YES;
				CLANG_ENABLE_OBJC_ARC = YES;
				CLANG_ENABLE_OBJC_WEAK = YES;
				CLANG_WARN_BLOCK_CAPTURE_AUTORELEASING = YES;
				CLANG_WARN_BOOL_CONVERSION = YES;
				CLANG_WARN_COMMA = YES;
				CLANG_WARN_CONSTANT_CONVERSION = YES;
				CLANG_WARN_DEPRECATED_OBJC_IMPLEMENTATIONS = YES;
				CLANG_WARN_DIRECT_OBJC_ISA_USAGE = YES_ERROR;
				CLANG_WARN_DOCUMENTATION_COMMENTS = YES;
				CLANG_WARN_EMPTY_BODY = YES;
				CLANG_WARN_ENUM_CONVERSION = YES;
				CLANG_WARN_INFINITE_RECURSION = YES;
				CLANG_WARN_INT_CONVERSION = YES;
				CLANG_WARN_NON_LITERAL_NULL_CONVERSION = YES;
				CLANG_WARN_OBJC_IMPLICIT_RETAIN_SELF = YES;
				CLANG_WARN_OBJC_LITERAL_CONVERSION = YES;
				CLANG_WARN_OBJC_ROOT_CLASS = YES_ERROR;
				CLANG_WARN_QUOTED_INCLUDE_IN_FRAMEWORK_HEADER = YES;
				CLANG_WARN_RANGE_LOOP_ANALYSIS = YES;
				CLANG_WARN_STRICT_PROTOTYPES = YES;
				CLANG_WARN_SUSPICIOUS_MOVE = YES;
				CLANG_WARN_UNGUARDED_AVAILABILITY = YES_AGGRESSIVE;
				CLANG_WARN_UNREACHABLE_CODE = YES;
				CLANG_WARN__DUPLICATE_METHOD_MATCH = YES;
				COPY_PHASE_STRIP = NO;
				DEBUG_INFORMATION_FORMAT = "dwarf-with-dsym";
				ENABLE_NS_ASSERTIONS = NO;
				ENABLE_STRICT_OBJC_MSGSEND = YES;
				GCC_C_LANGUAGE_STANDARD = gnu11;
				GCC_NO_COMMON_BLOCKS = YES;
				GCC_WARN_64_TO_32_BIT_CONVERSION = YES;
				GCC_WARN_ABOUT_RETURN_TYPE = YES_ERROR;
				GCC_WARN_UNDECLARED_SELECTOR = YES;
				GCC_WARN_UNINITIALIZED_AUTOS = YES_AGGRESSIVE;
				GCC_WARN_UNUSED_FUNCTION = YES;
				GCC_WARN_UNUSED_VARIABLE = YES;
				MTL_ENABLE_DEBUG_INFO = NO;
				MTL_FAST_MATH = YES;
				SWIFT_COMPILATION_MODE = wholemodule;
				SWIFT_OPTIMIZATION_LEVEL = "-O";
			};
			name = Release;
		};
		C40892912A78637E0074416A /* Debug */ = {
			isa = XCBuildConfiguration;
			buildSettings = {
				ASSETCATALOG_COMPILER_APPICON_NAME = AppIcon;
				ASSETCATALOG_COMPILER_GLOBAL_ACCENT_COLOR_NAME = AccentColor;
				CODE_SIGN_STYLE = Automatic;
				CURRENT_PROJECT_VERSION = 1;
				ENABLE_PREVIEWS = YES;
				GENERATE_INFOPLIST_FILE = YES;
				INFOPLIST_KEY_UIApplicationSceneManifest_Generation = YES;
				INFOPLIST_KEY_UIApplicationSupportsIndirectInputEvents = YES;
				INFOPLIST_KEY_UILaunchScreen_Generation = YES;
				INFOPLIST_KEY_UISupportedInterfaceOrientations_iPad = "UIInterfaceOrientationPortrait UIInterfaceOrientationPortraitUpsideDown UIInterfaceOrientationLandscapeLeft UIInterfaceOrientationLandscapeRight";
				INFOPLIST_KEY_UISupportedInterfaceOrientations_iPhone = "UIInterfaceOrientationPortrait UIInterfaceOrientationLandscapeLeft UIInterfaceOrientationLandscapeRight";
				IPHONEOS_DEPLOYMENT_TARGET = 15.5;
				LD_RUNPATH_SEARCH_PATHS = (
					"$(inherited)",
					"@executable_path/Frameworks",
				);
				MARKETING_VERSION = 1.0;
				PRODUCT_BUNDLE_IDENTIFIER = ColorWave.UnitFunc;
				PRODUCT_NAME = UnitFunc;
				SDKROOT = iphoneos;
				SWIFT_EMIT_LOC_STRINGS = YES;
				SWIFT_VERSION = 5.0;
				TARGETED_DEVICE_FAMILY = "1,2";
			};
			name = Debug;
		};
		C40892922A78637E0074416A /* Release */ = {
			isa = XCBuildConfiguration;
			buildSettings = {
				ASSETCATALOG_COMPILER_APPICON_NAME = AppIcon;
				ASSETCATALOG_COMPILER_GLOBAL_ACCENT_COLOR_NAME = AccentColor;
				CODE_SIGN_STYLE = Automatic;
				CURRENT_PROJECT_VERSION = 1;
				ENABLE_PREVIEWS = YES;
				GENERATE_INFOPLIST_FILE = YES;
				INFOPLIST_KEY_UIApplicationSceneManifest_Generation = YES;
				INFOPLIST_KEY_UIApplicationSupportsIndirectInputEvents = YES;
				INFOPLIST_KEY_UILaunchScreen_Generation = YES;
				INFOPLIST_KEY_UISupportedInterfaceOrientations_iPad = "UIInterfaceOrientationPortrait UIInterfaceOrientationPortraitUpsideDown UIInterfaceOrientationLandscapeLeft UIInterfaceOrientationLandscapeRight";
				INFOPLIST_KEY_UISupportedInterfaceOrientations_iPhone = "UIInterfaceOrientationPortrait UIInterfaceOrientationLandscapeLeft UIInterfaceOrientationLandscapeRight";
				IPHONEOS_DEPLOYMENT_TARGET = 15.5;
				LD_RUNPATH_SEARCH_PATHS = (
					"$(inherited)",
					"@executable_path/Frameworks",
				);
				MARKETING_VERSION = 1.0;
				PRODUCT_BUNDLE_IDENTIFIER = ColorWave.UnitFunc;
				PRODUCT_NAME = UnitFunc;
				SDKROOT = iphoneos;
				SWIFT_EMIT_LOC_STRINGS = YES;
				SWIFT_VERSION = 5.0;
				TARGETED_DEVICE_FAMILY = "1,2";
				VALIDATE_PRODUCT = YES;
			};
			name = Release;
		};
		C40892942A78637E0074416A /* Debug */ = {
			isa = XCBuildConfiguration;
			buildSettings = {
				ASSETCATALOG_COMPILER_APPICON_NAME = AppIcon;
				ASSETCATALOG_COMPILER_GLOBAL_ACCENT_COLOR_NAME = AccentColor;
				CODE_SIGN_ENTITLEMENTS = macOS/macOS.entitlements;
				CODE_SIGN_STYLE = Automatic;
				COMBINE_HIDPI_IMAGES = YES;
				CURRENT_PROJECT_VERSION = 1;
				ENABLE_PREVIEWS = YES;
				GENERATE_INFOPLIST_FILE = YES;
				INFOPLIST_KEY_NSHumanReadableCopyright = "";
				LD_RUNPATH_SEARCH_PATHS = (
					"$(inherited)",
					"@executable_path/../Frameworks",
				);
				MACOSX_DEPLOYMENT_TARGET = 12.3;
				MARKETING_VERSION = 1.0;
				PRODUCT_BUNDLE_IDENTIFIER = ColorWave.UnitFunc;
				PRODUCT_NAME = UnitFunc;
				SDKROOT = macosx;
				SWIFT_EMIT_LOC_STRINGS = YES;
				SWIFT_VERSION = 5.0;
			};
			name = Debug;
		};
		C40892952A78637E0074416A /* Release */ = {
			isa = XCBuildConfiguration;
			buildSettings = {
				ASSETCATALOG_COMPILER_APPICON_NAME = AppIcon;
				ASSETCATALOG_COMPILER_GLOBAL_ACCENT_COLOR_NAME = AccentColor;
				CODE_SIGN_ENTITLEMENTS = macOS/macOS.entitlements;
				CODE_SIGN_STYLE = Automatic;
				COMBINE_HIDPI_IMAGES = YES;
				CURRENT_PROJECT_VERSION = 1;
				ENABLE_PREVIEWS = YES;
				GENERATE_INFOPLIST_FILE = YES;
				INFOPLIST_KEY_NSHumanReadableCopyright = "";
				LD_RUNPATH_SEARCH_PATHS = (
					"$(inherited)",
					"@executable_path/../Frameworks",
				);
				MACOSX_DEPLOYMENT_TARGET = 12.3;
				MARKETING_VERSION = 1.0;
				PRODUCT_BUNDLE_IDENTIFIER = ColorWave.UnitFunc;
				PRODUCT_NAME = UnitFunc;
				SDKROOT = macosx;
				SWIFT_EMIT_LOC_STRINGS = YES;
				SWIFT_VERSION = 5.0;
			};
			name = Release;
		};
		C40892972A78637E0074416A /* Debug */ = {
			isa = XCBuildConfiguration;
			buildSettings = {
				ALWAYS_EMBED_SWIFT_STANDARD_LIBRARIES = YES;
				CODE_SIGN_STYLE = Automatic;
				CURRENT_PROJECT_VERSION = 1;
				GENERATE_INFOPLIST_FILE = YES;
				IPHONEOS_DEPLOYMENT_TARGET = 15.5;
				MARKETING_VERSION = 1.0;
				PRODUCT_BUNDLE_IDENTIFIER = "ColorWave.Tests-iOS";
				PRODUCT_NAME = "$(TARGET_NAME)";
				SDKROOT = iphoneos;
				SWIFT_EMIT_LOC_STRINGS = NO;
				SWIFT_VERSION = 5.0;
				TARGETED_DEVICE_FAMILY = "1,2";
				TEST_TARGET_NAME = "UnitFunc (iOS)";
			};
			name = Debug;
		};
		C40892982A78637E0074416A /* Release */ = {
			isa = XCBuildConfiguration;
			buildSettings = {
				ALWAYS_EMBED_SWIFT_STANDARD_LIBRARIES = YES;
				CODE_SIGN_STYLE = Automatic;
				CURRENT_PROJECT_VERSION = 1;
				GENERATE_INFOPLIST_FILE = YES;
				IPHONEOS_DEPLOYMENT_TARGET = 15.5;
				MARKETING_VERSION = 1.0;
				PRODUCT_BUNDLE_IDENTIFIER = "ColorWave.Tests-iOS";
				PRODUCT_NAME = "$(TARGET_NAME)";
				SDKROOT = iphoneos;
				SWIFT_EMIT_LOC_STRINGS = NO;
				SWIFT_VERSION = 5.0;
				TARGETED_DEVICE_FAMILY = "1,2";
				TEST_TARGET_NAME = "UnitFunc (iOS)";
				VALIDATE_PRODUCT = YES;
			};
			name = Release;
		};
		C408929A2A78637E0074416A /* Debug */ = {
			isa = XCBuildConfiguration;
			buildSettings = {
				ALWAYS_EMBED_SWIFT_STANDARD_LIBRARIES = YES;
				CODE_SIGN_STYLE = Automatic;
				CURRENT_PROJECT_VERSION = 1;
				GENERATE_INFOPLIST_FILE = YES;
				MACOSX_DEPLOYMENT_TARGET = 12.3;
				MARKETING_VERSION = 1.0;
				PRODUCT_BUNDLE_IDENTIFIER = "ColorWave.Tests-macOS";
				PRODUCT_NAME = "$(TARGET_NAME)";
				SDKROOT = macosx;
				SWIFT_EMIT_LOC_STRINGS = NO;
				SWIFT_VERSION = 5.0;
				TEST_TARGET_NAME = "UnitFunc (macOS)";
			};
			name = Debug;
		};
		C408929B2A78637E0074416A /* Release */ = {
			isa = XCBuildConfiguration;
			buildSettings = {
				ALWAYS_EMBED_SWIFT_STANDARD_LIBRARIES = YES;
				CODE_SIGN_STYLE = Automatic;
				CURRENT_PROJECT_VERSION = 1;
				GENERATE_INFOPLIST_FILE = YES;
				MACOSX_DEPLOYMENT_TARGET = 12.3;
				MARKETING_VERSION = 1.0;
				PRODUCT_BUNDLE_IDENTIFIER = "ColorWave.Tests-macOS";
				PRODUCT_NAME = "$(TARGET_NAME)";
				SDKROOT = macosx;
				SWIFT_EMIT_LOC_STRINGS = NO;
				SWIFT_VERSION = 5.0;
				TEST_TARGET_NAME = "UnitFunc (macOS)";
			};
			name = Release;
		};
/* End XCBuildConfiguration section */

/* Begin XCConfigurationList section */
		C408925E2A78637B0074416A /* Build configuration list for PBXProject "UnitFunc" */ = {
			isa = XCConfigurationList;
			buildConfigurations = (
				C408928E2A78637E0074416A /* Debug */,
				C408928F2A78637E0074416A /* Release */,
			);
			defaultConfigurationIsVisible = 0;
			defaultConfigurationName = Release;
		};
		C40892902A78637E0074416A /* Build configuration list for PBXNativeTarget "UnitFunc (iOS)" */ = {
			isa = XCConfigurationList;
			buildConfigurations = (
				C40892912A78637E0074416A /* Debug */,
				C40892922A78637E0074416A /* Release */,
			);
			defaultConfigurationIsVisible = 0;
			defaultConfigurationName = Release;
		};
		C40892932A78637E0074416A /* Build configuration list for PBXNativeTarget "UnitFunc (macOS)" */ = {
			isa = XCConfigurationList;
			buildConfigurations = (
				C40892942A78637E0074416A /* Debug */,
				C40892952A78637E0074416A /* Release */,
			);
			defaultConfigurationIsVisible = 0;
			defaultConfigurationName = Release;
		};
		C40892962A78637E0074416A /* Build configuration list for PBXNativeTarget "Tests iOS" */ = {
			isa = XCConfigurationList;
			buildConfigurations = (
				C40892972A78637E0074416A /* Debug */,
				C40892982A78637E0074416A /* Release */,
			);
			defaultConfigurationIsVisible = 0;
			defaultConfigurationName = Release;
		};
		C40892992A78637E0074416A /* Build configuration list for PBXNativeTarget "Tests macOS" */ = {
			isa = XCConfigurationList;
			buildConfigurations = (
				C408929A2A78637E0074416A /* Debug */,
				C408929B2A78637E0074416A /* Release */,
			);
			defaultConfigurationIsVisible = 0;
			defaultConfigurationName = Release;
		};
/* End XCConfigurationList section */
	};
	rootObject = C408925B2A78637B0074416A /* Project object */;
}
